// !$*UTF8*$!
{
	archiveVersion = 1;
	classes = {
	};
	objectVersion = 50;
	objects = {

/* Begin PBXBuildFile section */
		A491A02D2204AB1D002F584B /* AppDelegate.swift in Sources */ = {isa = PBXBuildFile; fileRef = A491A02C2204AB1D002F584B /* AppDelegate.swift */; };
		A491A0342204AB1F002F584B /* Assets.xcassets in Resources */ = {isa = PBXBuildFile; fileRef = A491A0332204AB1F002F584B /* Assets.xcassets */; };
		A491A0372204AB1F002F584B /* LaunchScreen.storyboard in Resources */ = {isa = PBXBuildFile; fileRef = A491A0352204AB1F002F584B /* LaunchScreen.storyboard */; };
		A491A0422204AB1F002F584B /* HegelSOLTests.swift in Sources */ = {isa = PBXBuildFile; fileRef = A491A0412204AB1F002F584B /* HegelSOLTests.swift */; };
		A491A0522204ABB2002F584B /* Nothing.swift in Sources */ = {isa = PBXBuildFile; fileRef = A491A04E2204ABB2002F584B /* Nothing.swift */; };
		A491A0532204ABB2002F584B /* Becoming.swift in Sources */ = {isa = PBXBuildFile; fileRef = A491A04F2204ABB2002F584B /* Becoming.swift */; };
		A491A0542204ABB2002F584B /* Being.swift in Sources */ = {isa = PBXBuildFile; fileRef = A491A0502204ABB2002F584B /* Being.swift */; };
/* End PBXBuildFile section */

/* Begin PBXContainerItemProxy section */
		A491A03E2204AB1F002F584B /* PBXContainerItemProxy */ = {
			isa = PBXContainerItemProxy;
			containerPortal = A491A0212204AB1D002F584B /* Project object */;
			proxyType = 1;
			remoteGlobalIDString = A491A0282204AB1D002F584B;
			remoteInfo = HegelSOL;
		};
/* End PBXContainerItemProxy section */

/* Begin PBXFileReference section */
		A491A0292204AB1D002F584B /* HegelSOL.app */ = {isa = PBXFileReference; explicitFileType = wrapper.application; includeInIndex = 0; path = HegelSOL.app; sourceTree = BUILT_PRODUCTS_DIR; };
		A491A02C2204AB1D002F584B /* AppDelegate.swift */ = {isa = PBXFileReference; lastKnownFileType = sourcecode.swift; path = AppDelegate.swift; sourceTree = "<group>"; };
		A491A0332204AB1F002F584B /* Assets.xcassets */ = {isa = PBXFileReference; lastKnownFileType = folder.assetcatalog; path = Assets.xcassets; sourceTree = "<group>"; };
		A491A0362204AB1F002F584B /* Base */ = {isa = PBXFileReference; lastKnownFileType = file.storyboard; name = Base; path = Base.lproj/LaunchScreen.storyboard; sourceTree = "<group>"; };
		A491A0382204AB1F002F584B /* Info.plist */ = {isa = PBXFileReference; lastKnownFileType = text.plist.xml; path = Info.plist; sourceTree = "<group>"; };
		A491A03D2204AB1F002F584B /* HegelSOLTests.xctest */ = {isa = PBXFileReference; explicitFileType = wrapper.cfbundle; includeInIndex = 0; path = HegelSOLTests.xctest; sourceTree = BUILT_PRODUCTS_DIR; };
		A491A0412204AB1F002F584B /* HegelSOLTests.swift */ = {isa = PBXFileReference; lastKnownFileType = sourcecode.swift; path = HegelSOLTests.swift; sourceTree = "<group>"; };
		A491A0432204AB1F002F584B /* Info.plist */ = {isa = PBXFileReference; lastKnownFileType = text.plist.xml; path = Info.plist; sourceTree = "<group>"; };
		A491A04E2204ABB2002F584B /* Nothing.swift */ = {isa = PBXFileReference; fileEncoding = 4; lastKnownFileType = sourcecode.swift; path = Nothing.swift; sourceTree = "<group>"; };
		A491A04F2204ABB2002F584B /* Becoming.swift */ = {isa = PBXFileReference; fileEncoding = 4; lastKnownFileType = sourcecode.swift; path = Becoming.swift; sourceTree = "<group>"; };
		A491A0502204ABB2002F584B /* Being.swift */ = {isa = PBXFileReference; fileEncoding = 4; lastKnownFileType = sourcecode.swift; path = Being.swift; sourceTree = "<group>"; };
		A491A0512204ABB2002F584B /* Hegel.playground */ = {isa = PBXFileReference; lastKnownFileType = file.playground; path = Hegel.playground; sourceTree = SOURCE_ROOT; xcLanguageSpecificationIdentifier = xcode.lang.swift; };
/* End PBXFileReference section */

/* Begin PBXFrameworksBuildPhase section */
		A491A0262204AB1D002F584B /* Frameworks */ = {
			isa = PBXFrameworksBuildPhase;
			buildActionMask = 2147483647;
			files = (
			);
			runOnlyForDeploymentPostprocessing = 0;
		};
		A491A03A2204AB1F002F584B /* Frameworks */ = {
			isa = PBXFrameworksBuildPhase;
			buildActionMask = 2147483647;
			files = (
			);
			runOnlyForDeploymentPostprocessing = 0;
		};
/* End PBXFrameworksBuildPhase section */

/* Begin PBXGroup section */
		A491A0202204AB1D002F584B = {
			isa = PBXGroup;
			children = (
				A491A02B2204AB1D002F584B /* HegelSOL */,
				A491A0402204AB1F002F584B /* HegelSOLTests */,
				A491A02A2204AB1D002F584B /* Products */,
			);
			sourceTree = "<group>";
		};
		A491A02A2204AB1D002F584B /* Products */ = {
			isa = PBXGroup;
			children = (
				A491A0292204AB1D002F584B /* HegelSOL.app */,
				A491A03D2204AB1F002F584B /* HegelSOLTests.xctest */,
			);
			name = Products;
			sourceTree = "<group>";
		};
		A491A02B2204AB1D002F584B /* HegelSOL */ = {
			isa = PBXGroup;
			children = (
				A491A0512204ABB2002F584B /* Hegel.playground */,
				A491A04D2204ABB2002F584B /* Model */,
				A491A04C2204AB4B002F584B /* Supporting files */,
			);
			path = HegelSOL;
			sourceTree = "<group>";
		};
		A491A0402204AB1F002F584B /* HegelSOLTests */ = {
			isa = PBXGroup;
			children = (
				A491A0412204AB1F002F584B /* HegelSOLTests.swift */,
				A491A0432204AB1F002F584B /* Info.plist */,
			);
			path = HegelSOLTests;
			sourceTree = "<group>";
		};
		A491A04C2204AB4B002F584B /* Supporting files */ = {
			isa = PBXGroup;
			children = (
				A491A02C2204AB1D002F584B /* AppDelegate.swift */,
				A491A0332204AB1F002F584B /* Assets.xcassets */,
				A491A0352204AB1F002F584B /* LaunchScreen.storyboard */,
				A491A0382204AB1F002F584B /* Info.plist */,
			);
			path = "Supporting files";
			sourceTree = "<group>";
		};
		A491A04D2204ABB2002F584B /* Model */ = {
			isa = PBXGroup;
			children = (
				A491A04E2204ABB2002F584B /* Nothing.swift */,
				A491A04F2204ABB2002F584B /* Becoming.swift */,
				A491A0502204ABB2002F584B /* Being.swift */,
			);
			path = Model;
			sourceTree = SOURCE_ROOT;
		};
/* End PBXGroup section */

/* Begin PBXNativeTarget section */
		A491A0282204AB1D002F584B /* HegelSOL */ = {
			isa = PBXNativeTarget;
			buildConfigurationList = A491A0462204AB1F002F584B /* Build configuration list for PBXNativeTarget "HegelSOL" */;
			buildPhases = (
				A491A0252204AB1D002F584B /* Sources */,
				A491A0262204AB1D002F584B /* Frameworks */,
				A491A0272204AB1D002F584B /* Resources */,
			);
			buildRules = (
			);
			dependencies = (
			);
			name = HegelSOL;
			productName = HegelSOL;
			productReference = A491A0292204AB1D002F584B /* HegelSOL.app */;
			productType = "com.apple.product-type.application";
		};
		A491A03C2204AB1F002F584B /* HegelSOLTests */ = {
			isa = PBXNativeTarget;
			buildConfigurationList = A491A0492204AB1F002F584B /* Build configuration list for PBXNativeTarget "HegelSOLTests" */;
			buildPhases = (
				A491A0392204AB1F002F584B /* Sources */,
				A491A03A2204AB1F002F584B /* Frameworks */,
				A491A03B2204AB1F002F584B /* Resources */,
			);
			buildRules = (
			);
			dependencies = (
				A491A03F2204AB1F002F584B /* PBXTargetDependency */,
			);
			name = HegelSOLTests;
			productName = HegelSOLTests;
			productReference = A491A03D2204AB1F002F584B /* HegelSOLTests.xctest */;
			productType = "com.apple.product-type.bundle.unit-test";
		};
/* End PBXNativeTarget section */

/* Begin PBXProject section */
		A491A0212204AB1D002F584B /* Project object */ = {
			isa = PBXProject;
			attributes = {
				LastSwiftUpdateCheck = 1020;
				LastUpgradeCheck = 1020;
				ORGANIZATIONNAME = "Andrey Torlopov";
				TargetAttributes = {
					A491A0282204AB1D002F584B = {
						CreatedOnToolsVersion = 10.2;
					};
					A491A03C2204AB1F002F584B = {
						CreatedOnToolsVersion = 10.2;
						TestTargetID = A491A0282204AB1D002F584B;
					};
				};
			};
			buildConfigurationList = A491A0242204AB1D002F584B /* Build configuration list for PBXProject "HegelSOL" */;
			compatibilityVersion = "Xcode 9.3";
			developmentRegion = en;
			hasScannedForEncodings = 0;
			knownRegions = (
				en,
				Base,
			);
			mainGroup = A491A0202204AB1D002F584B;
			productRefGroup = A491A02A2204AB1D002F584B /* Products */;
			projectDirPath = "";
			projectRoot = "";
			targets = (
				A491A0282204AB1D002F584B /* HegelSOL */,
				A491A03C2204AB1F002F584B /* HegelSOLTests */,
			);
		};
/* End PBXProject section */

/* Begin PBXResourcesBuildPhase section */
		A491A0272204AB1D002F584B /* Resources */ = {
			isa = PBXResourcesBuildPhase;
			buildActionMask = 2147483647;
			files = (
				A491A0372204AB1F002F584B /* LaunchScreen.storyboard in Resources */,
				A491A0342204AB1F002F584B /* Assets.xcassets in Resources */,
			);
			runOnlyForDeploymentPostprocessing = 0;
		};
		A491A03B2204AB1F002F584B /* Resources */ = {
			isa = PBXResourcesBuildPhase;
			buildActionMask = 2147483647;
			files = (
			);
			runOnlyForDeploymentPostprocessing = 0;
		};
/* End PBXResourcesBuildPhase section */

/* Begin PBXSourcesBuildPhase section */
		A491A0252204AB1D002F584B /* Sources */ = {
			isa = PBXSourcesBuildPhase;
			buildActionMask = 2147483647;
			files = (
				A491A02D2204AB1D002F584B /* AppDelegate.swift in Sources */,
				A491A0542204ABB2002F584B /* Being.swift in Sources */,
				A491A0522204ABB2002F584B /* Nothing.swift in Sources */,
				A491A0532204ABB2002F584B /* Becoming.swift in Sources */,
			);
			runOnlyForDeploymentPostprocessing = 0;
		};
		A491A0392204AB1F002F584B /* Sources */ = {
			isa = PBXSourcesBuildPhase;
			buildActionMask = 2147483647;
			files = (
				A491A0422204AB1F002F584B /* HegelSOLTests.swift in Sources */,
			);
			runOnlyForDeploymentPostprocessing = 0;
		};
/* End PBXSourcesBuildPhase section */

/* Begin PBXTargetDependency section */
		A491A03F2204AB1F002F584B /* PBXTargetDependency */ = {
			isa = PBXTargetDependency;
			target = A491A0282204AB1D002F584B /* HegelSOL */;
			targetProxy = A491A03E2204AB1F002F584B /* PBXContainerItemProxy */;
		};
/* End PBXTargetDependency section */

/* Begin PBXVariantGroup section */
		A491A0352204AB1F002F584B /* LaunchScreen.storyboard */ = {
			isa = PBXVariantGroup;
			children = (
				A491A0362204AB1F002F584B /* Base */,
			);
			name = LaunchScreen.storyboard;
			sourceTree = "<group>";
		};
/* End PBXVariantGroup section */

/* Begin XCBuildConfiguration section */
		A491A0442204AB1F002F584B /* Debug */ = {
			isa = XCBuildConfiguration;
			buildSettings = {
				ALWAYS_SEARCH_USER_PATHS = NO;
				CLANG_ANALYZER_NONNULL = YES;
				CLANG_ANALYZER_NUMBER_OBJECT_CONVERSION = YES_AGGRESSIVE;
				CLANG_CXX_LANGUAGE_STANDARD = "gnu++14";
				CLANG_CXX_LIBRARY = "libc++";
				CLANG_ENABLE_MODULES = YES;
				CLANG_ENABLE_OBJC_ARC = YES;
				CLANG_ENABLE_OBJC_WEAK = YES;
				CLANG_WARN_BLOCK_CAPTURE_AUTORELEASING = YES;
				CLANG_WARN_BOOL_CONVERSION = YES;
				CLANG_WARN_COMMA = YES;
				CLANG_WARN_CONSTANT_CONVERSION = YES;
				CLANG_WARN_DEPRECATED_OBJC_IMPLEMENTATIONS = YES;
				CLANG_WARN_DIRECT_OBJC_ISA_USAGE = YES_ERROR;
				CLANG_WARN_DOCUMENTATION_COMMENTS = YES;
				CLANG_WARN_EMPTY_BODY = YES;
				CLANG_WARN_ENUM_CONVERSION = YES;
				CLANG_WARN_INFINITE_RECURSION = YES;
				CLANG_WARN_INT_CONVERSION = YES;
				CLANG_WARN_NON_LITERAL_NULL_CONVERSION = YES;
				CLANG_WARN_OBJC_IMPLICIT_RETAIN_SELF = YES;
				CLANG_WARN_OBJC_LITERAL_CONVERSION = YES;
				CLANG_WARN_OBJC_ROOT_CLASS = YES_ERROR;
				CLANG_WARN_RANGE_LOOP_ANALYSIS = YES;
				CLANG_WARN_STRICT_PROTOTYPES = YES;
				CLANG_WARN_SUSPICIOUS_MOVE = YES;
				CLANG_WARN_UNGUARDED_AVAILABILITY = YES_AGGRESSIVE;
				CLANG_WARN_UNREACHABLE_CODE = YES;
				CLANG_WARN__DUPLICATE_METHOD_MATCH = YES;
				CODE_SIGN_IDENTITY = "iPhone Developer";
				COPY_PHASE_STRIP = NO;
				DEBUG_INFORMATION_FORMAT = dwarf;
				ENABLE_STRICT_OBJC_MSGSEND = YES;
				ENABLE_TESTABILITY = YES;
				GCC_C_LANGUAGE_STANDARD = gnu11;
				GCC_DYNAMIC_NO_PIC = NO;
				GCC_NO_COMMON_BLOCKS = YES;
				GCC_OPTIMIZATION_LEVEL = 0;
				GCC_PREPROCESSOR_DEFINITIONS = (
					"DEBUG=1",
					"$(inherited)",
				);
				GCC_WARN_64_TO_32_BIT_CONVERSION = YES;
				GCC_WARN_ABOUT_RETURN_TYPE = YES_ERROR;
				GCC_WARN_UNDECLARED_SELECTOR = YES;
				GCC_WARN_UNINITIALIZED_AUTOS = YES_AGGRESSIVE;
				GCC_WARN_UNUSED_FUNCTION = YES;
				GCC_WARN_UNUSED_VARIABLE = YES;
				IPHONEOS_DEPLOYMENT_TARGET = 12.2;
				MTL_ENABLE_DEBUG_INFO = INCLUDE_SOURCE;
				MTL_FAST_MATH = YES;
				ONLY_ACTIVE_ARCH = YES;
				SDKROOT = iphoneos;
				SWIFT_ACTIVE_COMPILATION_CONDITIONS = DEBUG;
				SWIFT_OPTIMIZATION_LEVEL = "-Onone";
			};
			name = Debug;
		};
		A491A0452204AB1F002F584B /* Release */ = {
			isa = XCBuildConfiguration;
			buildSettings = {
				ALWAYS_SEARCH_USER_PATHS = NO;
				CLANG_ANALYZER_NONNULL = YES;
				CLANG_ANALYZER_NUMBER_OBJECT_CONVERSION = YES_AGGRESSIVE;
				CLANG_CXX_LANGUAGE_STANDARD = "gnu++14";
				CLANG_CXX_LIBRARY = "libc++";
				CLANG_ENABLE_MODULES = YES;
				CLANG_ENABLE_OBJC_ARC = YES;
				CLANG_ENABLE_OBJC_WEAK = YES;
				CLANG_WARN_BLOCK_CAPTURE_AUTORELEASING = YES;
				CLANG_WARN_BOOL_CONVERSION = YES;
				CLANG_WARN_COMMA = YES;
				CLANG_WARN_CONSTANT_CONVERSION = YES;
				CLANG_WARN_DEPRECATED_OBJC_IMPLEMENTATIONS = YES;
				CLANG_WARN_DIRECT_OBJC_ISA_USAGE = YES_ERROR;
				CLANG_WARN_DOCUMENTATION_COMMENTS = YES;
				CLANG_WARN_EMPTY_BODY = YES;
				CLANG_WARN_ENUM_CONVERSION = YES;
				CLANG_WARN_INFINITE_RECURSION = YES;
				CLANG_WARN_INT_CONVERSION = YES;
				CLANG_WARN_NON_LITERAL_NULL_CONVERSION = YES;
				CLANG_WARN_OBJC_IMPLICIT_RETAIN_SELF = YES;
				CLANG_WARN_OBJC_LITERAL_CONVERSION = YES;
				CLANG_WARN_OBJC_ROOT_CLASS = YES_ERROR;
				CLANG_WARN_RANGE_LOOP_ANALYSIS = YES;
				CLANG_WARN_STRICT_PROTOTYPES = YES;
				CLANG_WARN_SUSPICIOUS_MOVE = YES;
				CLANG_WARN_UNGUARDED_AVAILABILITY = YES_AGGRESSIVE;
				CLANG_WARN_UNREACHABLE_CODE = YES;
				CLANG_WARN__DUPLICATE_METHOD_MATCH = YES;
				CODE_SIGN_IDENTITY = "iPhone Developer";
				COPY_PHASE_STRIP = NO;
				DEBUG_INFORMATION_FORMAT = "dwarf-with-dsym";
				ENABLE_NS_ASSERTIONS = NO;
				ENABLE_STRICT_OBJC_MSGSEND = YES;
				GCC_C_LANGUAGE_STANDARD = gnu11;
				GCC_NO_COMMON_BLOCKS = YES;
				GCC_WARN_64_TO_32_BIT_CONVERSION = YES;
				GCC_WARN_ABOUT_RETURN_TYPE = YES_ERROR;
				GCC_WARN_UNDECLARED_SELECTOR = YES;
				GCC_WARN_UNINITIALIZED_AUTOS = YES_AGGRESSIVE;
				GCC_WARN_UNUSED_FUNCTION = YES;
				GCC_WARN_UNUSED_VARIABLE = YES;
				IPHONEOS_DEPLOYMENT_TARGET = 12.2;
				MTL_ENABLE_DEBUG_INFO = NO;
				MTL_FAST_MATH = YES;
				SDKROOT = iphoneos;
				SWIFT_COMPILATION_MODE = wholemodule;
				SWIFT_OPTIMIZATION_LEVEL = "-O";
				VALIDATE_PRODUCT = YES;
			};
			name = Release;
		};
		A491A0472204AB1F002F584B /* Debug */ = {
			isa = XCBuildConfiguration;
			buildSettings = {
				ASSETCATALOG_COMPILER_APPICON_NAME = AppIcon;
				CODE_SIGN_STYLE = Automatic;
				DEVELOPMENT_TEAM = 79798GRSHW;
				INFOPLIST_FILE = "$(SRCROOT)/HegelSOL/Supporting files/Info.plist";
				LD_RUNPATH_SEARCH_PATHS = (
					"$(inherited)",
					"@executable_path/Frameworks",
				);
				PRODUCT_BUNDLE_IDENTIFIER = SwiftBook.HegelSOL;
				PRODUCT_NAME = "$(TARGET_NAME)";
				SWIFT_VERSION = 4.2;
				TARGETED_DEVICE_FAMILY = "1,2";
			};
			name = Debug;
		};
		A491A0482204AB1F002F584B /* Release */ = {
			isa = XCBuildConfiguration;
			buildSettings = {
				ASSETCATALOG_COMPILER_APPICON_NAME = AppIcon;
				CODE_SIGN_STYLE = Automatic;
				DEVELOPMENT_TEAM = 79798GRSHW;
				INFOPLIST_FILE = "$(SRCROOT)/HegelSOL/Supporting files/Info.plist";
				LD_RUNPATH_SEARCH_PATHS = (
					"$(inherited)",
					"@executable_path/Frameworks",
				);
				PRODUCT_BUNDLE_IDENTIFIER = SwiftBook.HegelSOL;
				PRODUCT_NAME = "$(TARGET_NAME)";
				SWIFT_VERSION = 4.2;
				TARGETED_DEVICE_FAMILY = "1,2";
			};
			name = Release;
		};
		A491A04A2204AB1F002F584B /* Debug */ = {
			isa = XCBuildConfiguration;
			buildSettings = {
				ALWAYS_EMBED_SWIFT_STANDARD_LIBRARIES = YES;
				BUNDLE_LOADER = "$(TEST_HOST)";
				CODE_SIGN_STYLE = Automatic;
				DEVELOPMENT_TEAM = 79798GRSHW;
				INFOPLIST_FILE = HegelSOLTests/Info.plist;
				LD_RUNPATH_SEARCH_PATHS = (
					"$(inherited)",
					"@executable_path/Frameworks",
					"@loader_path/Frameworks",
				);
				PRODUCT_BUNDLE_IDENTIFIER = SwiftBook.HegelSOLTests;
				PRODUCT_NAME = "$(TARGET_NAME)";
				SWIFT_VERSION = 5.0;
				TARGETED_DEVICE_FAMILY = "1,2";
				TEST_HOST = "$(BUILT_PRODUCTS_DIR)/HegelSOL.app/HegelSOL";
			};
			name = Debug;
		};
		A491A04B2204AB1F002F584B /* Release */ = {
			isa = XCBuildConfiguration;
			buildSettings = {
				ALWAYS_EMBED_SWIFT_STANDARD_LIBRARIES = YES;
				BUNDLE_LOADER = "$(TEST_HOST)";
				CODE_SIGN_STYLE = Automatic;
				DEVELOPMENT_TEAM = 79798GRSHW;
				INFOPLIST_FILE = HegelSOLTests/Info.plist;
				LD_RUNPATH_SEARCH_PATHS = (
					"$(inherited)",
					"@executable_path/Frameworks",
					"@loader_path/Frameworks",
				);
				PRODUCT_BUNDLE_IDENTIFIER = SwiftBook.HegelSOLTests;
				PRODUCT_NAME = "$(TARGET_NAME)";
				SWIFT_VERSION = 5.0;
				TARGETED_DEVICE_FAMILY = "1,2";
				TEST_HOST = "$(BUILT_PRODUCTS_DIR)/HegelSOL.app/HegelSOL";
			};
			name = Release;
		};
/* End XCBuildConfiguration section */

/* Begin XCConfigurationList section */
		A491A0242204AB1D002F584B /* Build configuration list for PBXProject "HegelSOL" */ = {
			isa = XCConfigurationList;
			buildConfigurations = (
				A491A0442204AB1F002F584B /* Debug */,
				A491A0452204AB1F002F584B /* Release */,
			);
			defaultConfigurationIsVisible = 0;
			defaultConfigurationName = Release;
		};
		A491A0462204AB1F002F584B /* Build configuration list for PBXNativeTarget "HegelSOL" */ = {
			isa = XCConfigurationList;
			buildConfigurations = (
				A491A0472204AB1F002F584B /* Debug */,
				A491A0482204AB1F002F584B /* Release */,
			);
			defaultConfigurationIsVisible = 0;
			defaultConfigurationName = Release;
		};
		A491A0492204AB1F002F584B /* Build configuration list for PBXNativeTarget "HegelSOLTests" */ = {
			isa = XCConfigurationList;
			buildConfigurations = (
				A491A04A2204AB1F002F584B /* Debug */,
				A491A04B2204AB1F002F584B /* Release */,
			);
			defaultConfigurationIsVisible = 0;
			defaultConfigurationName = Release;
		};
/* End XCConfigurationList section */
	};
	rootObject = A491A0212204AB1D002F584B /* Project object */;
}
